
Microsoft Visual Studio Solution File, Format Version 12.00
# Visual Studio Version 17
VisualStudioVersion = 17.9.34723.18
MinimumVisualStudioVersion = 10.0.40219.1
Project("{8BC9CEB8-8B4A-11D0-8D11-00A0C91BC942}") = "CarsDatabaseApplication", "CarsDatabaseApplication\CarsDatabaseApplication.vcxproj", "{4EA9C5C1-A906-4F0A-9C66-F54C3AAFDB74}"
EndProject
Global
	GlobalSection(SolutionConfigurationPlatforms) = preSolution
		Debug|x64 = Debug|x64
		Release|x64 = Release|x64
	EndGlobalSection
	GlobalSection(ProjectConfigurationPlatforms) = postSolution
		{4EA9C5C1-A906-4F0A-9C66-F54C3AAFDB74}.Debug|x64.ActiveCfg = Debug|x64
		{4EA9C5C1-A906-4F0A-9C66-F54C3AAFDB74}.Debug|x64.Build.0 = Debug|x64
		{4EA9C5C1-A906-4F0A-9C66-F54C3AAFDB74}.Release|x64.ActiveCfg = Release|x64
		{4EA9C5C1-A906-4F0A-9C66-F54C3AAFDB74}.Release|x64.Build.0 = Release|x64
	EndGlobalSection
	GlobalSection(SolutionProperties) = preSolution
		HideSolutionNode = FALSE
	EndGlobalSection
	GlobalSection(ExtensibilityGlobals) = postSolution
		SolutionGuid = {0E1E547A-64E6-4476-BEB4-0723B05A2246}
	EndGlobalSection
EndGlobal
